
Microsoft Visual Studio Solution File, Format Version 12.00
# Visual Studio Version 16
VisualStudioVersion = 16.0.30503.244
MinimumVisualStudioVersion = 10.0.40219.1
Project("{8BC9CEB8-8B4A-11D0-8D11-00A0C91BC942}") = "Capstone_VideoQualityImprove", "Capstone_VideoQualityImprove.vcxproj", "{157E39AC-3A03-4BBB-8F2F-B5E817709ECF}"
EndProject
Global
	GlobalSection(SolutionConfigurationPlatforms) = preSolution
		Debug|x64 = Debug|x64
		Debug|x86 = Debug|x86
		Release|x64 = Release|x64
		Release|x86 = Release|x86
	EndGlobalSection
	GlobalSection(ProjectConfigurationPlatforms) = postSolution
		{157E39AC-3A03-4BBB-8F2F-B5E817709ECF}.Debug|x64.ActiveCfg = Debug|x64
		{157E39AC-3A03-4BBB-8F2F-B5E817709ECF}.Debug|x64.Build.0 = Debug|x64
		{157E39AC-3A03-4BBB-8F2F-B5E817709ECF}.Debug|x86.ActiveCfg = Debug|Win32
		{157E39AC-3A03-4BBB-8F2F-B5E817709ECF}.Debug|x86.Build.0 = Debug|Win32
		{157E39AC-3A03-4BBB-8F2F-B5E817709ECF}.Release|x64.ActiveCfg = Release|x64
		{157E39AC-3A03-4BBB-8F2F-B5E817709ECF}.Release|x64.Build.0 = Release|x64
		{157E39AC-3A03-4BBB-8F2F-B5E817709ECF}.Release|x86.ActiveCfg = Release|Win32
		{157E39AC-3A03-4BBB-8F2F-B5E817709ECF}.Release|x86.Build.0 = Release|Win32
	EndGlobalSection
	GlobalSection(SolutionProperties) = preSolution
		HideSolutionNode = FALSE
	EndGlobalSection
	GlobalSection(ExtensibilityGlobals) = postSolution
		SolutionGuid = {CA85CB80-BCA4-447C-AFB6-56AF0CF44643}
	EndGlobalSection
EndGlobal
